// !$*UTF8*$!
{
	archiveVersion = 1;
	classes = {
	};
	objectVersion = 50;
	objects = {

/* Begin PBXBuildFile section */
		D9E9C58D224450400085260A /* AppDelegate.swift in Sources */ = {isa = PBXBuildFile; fileRef = D9E9C58C224450400085260A /* AppDelegate.swift */; };
		D9E9C58F224450400085260A /* ViewController.swift in Sources */ = {isa = PBXBuildFile; fileRef = D9E9C58E224450400085260A /* ViewController.swift */; };
		D9E9C592224450400085260A /* Main.storyboard in Resources */ = {isa = PBXBuildFile; fileRef = D9E9C590224450400085260A /* Main.storyboard */; };
		D9E9C594224450420085260A /* Assets.xcassets in Resources */ = {isa = PBXBuildFile; fileRef = D9E9C593224450420085260A /* Assets.xcassets */; };
		D9E9C597224450420085260A /* LaunchScreen.storyboard in Resources */ = {isa = PBXBuildFile; fileRef = D9E9C595224450420085260A /* LaunchScreen.storyboard */; };
		D9E9C5A2224450420085260A /* testeTapTests.swift in Sources */ = {isa = PBXBuildFile; fileRef = D9E9C5A1224450420085260A /* testeTapTests.swift */; };
		D9E9C5AD224450420085260A /* testeTapUITests.swift in Sources */ = {isa = PBXBuildFile; fileRef = D9E9C5AC224450420085260A /* testeTapUITests.swift */; };
/* End PBXBuildFile section */

/* Begin PBXContainerItemProxy section */
		D9E9C59E224450420085260A /* PBXContainerItemProxy */ = {
			isa = PBXContainerItemProxy;
			containerPortal = D9E9C581224450400085260A /* Project object */;
			proxyType = 1;
			remoteGlobalIDString = D9E9C588224450400085260A;
			remoteInfo = testeTap;
		};
		D9E9C5A9224450420085260A /* PBXContainerItemProxy */ = {
			isa = PBXContainerItemProxy;
			containerPortal = D9E9C581224450400085260A /* Project object */;
			proxyType = 1;
			remoteGlobalIDString = D9E9C588224450400085260A;
			remoteInfo = testeTap;
		};
/* End PBXContainerItemProxy section */

/* Begin PBXFileReference section */
		D9E9C589224450400085260A /* testeTap.app */ = {isa = PBXFileReference; explicitFileType = wrapper.application; includeInIndex = 0; path = testeTap.app; sourceTree = BUILT_PRODUCTS_DIR; };
		D9E9C58C224450400085260A /* AppDelegate.swift */ = {isa = PBXFileReference; lastKnownFileType = sourcecode.swift; path = AppDelegate.swift; sourceTree = "<group>"; };
		D9E9C58E224450400085260A /* ViewController.swift */ = {isa = PBXFileReference; lastKnownFileType = sourcecode.swift; path = ViewController.swift; sourceTree = "<group>"; };
		D9E9C591224450400085260A /* Base */ = {isa = PBXFileReference; lastKnownFileType = file.storyboard; name = Base; path = Base.lproj/Main.storyboard; sourceTree = "<group>"; };
		D9E9C593224450420085260A /* Assets.xcassets */ = {isa = PBXFileReference; lastKnownFileType = folder.assetcatalog; path = Assets.xcassets; sourceTree = "<group>"; };
		D9E9C596224450420085260A /* Base */ = {isa = PBXFileReference; lastKnownFileType = file.storyboard; name = Base; path = Base.lproj/LaunchScreen.storyboard; sourceTree = "<group>"; };
		D9E9C598224450420085260A /* Info.plist */ = {isa = PBXFileReference; lastKnownFileType = text.plist.xml; path = Info.plist; sourceTree = "<group>"; };
		D9E9C59D224450420085260A /* testeTapTests.xctest */ = {isa = PBXFileReference; explicitFileType = wrapper.cfbundle; includeInIndex = 0; path = testeTapTests.xctest; sourceTree = BUILT_PRODUCTS_DIR; };
		D9E9C5A1224450420085260A /* testeTapTests.swift */ = {isa = PBXFileReference; lastKnownFileType = sourcecode.swift; path = testeTapTests.swift; sourceTree = "<group>"; };
		D9E9C5A3224450420085260A /* Info.plist */ = {isa = PBXFileReference; lastKnownFileType = text.plist.xml; path = Info.plist; sourceTree = "<group>"; };
		D9E9C5A8224450420085260A /* testeTapUITests.xctest */ = {isa = PBXFileReference; explicitFileType = wrapper.cfbundle; includeInIndex = 0; path = testeTapUITests.xctest; sourceTree = BUILT_PRODUCTS_DIR; };
		D9E9C5AC224450420085260A /* testeTapUITests.swift */ = {isa = PBXFileReference; lastKnownFileType = sourcecode.swift; path = testeTapUITests.swift; sourceTree = "<group>"; };
		D9E9C5AE224450420085260A /* Info.plist */ = {isa = PBXFileReference; lastKnownFileType = text.plist.xml; path = Info.plist; sourceTree = "<group>"; };
/* End PBXFileReference section */

/* Begin PBXFrameworksBuildPhase section */
		D9E9C586224450400085260A /* Frameworks */ = {
			isa = PBXFrameworksBuildPhase;
			buildActionMask = 2147483647;
			files = (
			);
			runOnlyForDeploymentPostprocessing = 0;
		};
		D9E9C59A224450420085260A /* Frameworks */ = {
			isa = PBXFrameworksBuildPhase;
			buildActionMask = 2147483647;
			files = (
			);
			runOnlyForDeploymentPostprocessing = 0;
		};
		D9E9C5A5224450420085260A /* Frameworks */ = {
			isa = PBXFrameworksBuildPhase;
			buildActionMask = 2147483647;
			files = (
			);
			runOnlyForDeploymentPostprocessing = 0;
		};
/* End PBXFrameworksBuildPhase section */

/* Begin PBXGroup section */
		D9E9C580224450400085260A = {
			isa = PBXGroup;
			children = (
				D9E9C58B224450400085260A /* testeTap */,
				D9E9C5A0224450420085260A /* testeTapTests */,
				D9E9C5AB224450420085260A /* testeTapUITests */,
				D9E9C58A224450400085260A /* Products */,
			);
			sourceTree = "<group>";
		};
		D9E9C58A224450400085260A /* Products */ = {
			isa = PBXGroup;
			children = (
				D9E9C589224450400085260A /* testeTap.app */,
				D9E9C59D224450420085260A /* testeTapTests.xctest */,
				D9E9C5A8224450420085260A /* testeTapUITests.xctest */,
			);
			name = Products;
			sourceTree = "<group>";
		};
		D9E9C58B224450400085260A /* testeTap */ = {
			isa = PBXGroup;
			children = (
				D9E9C58C224450400085260A /* AppDelegate.swift */,
				D9E9C58E224450400085260A /* ViewController.swift */,
				D9E9C590224450400085260A /* Main.storyboard */,
				D9E9C593224450420085260A /* Assets.xcassets */,
				D9E9C595224450420085260A /* LaunchScreen.storyboard */,
				D9E9C598224450420085260A /* Info.plist */,
			);
			path = testeTap;
			sourceTree = "<group>";
		};
		D9E9C5A0224450420085260A /* testeTapTests */ = {
			isa = PBXGroup;
			children = (
				D9E9C5A1224450420085260A /* testeTapTests.swift */,
				D9E9C5A3224450420085260A /* Info.plist */,
			);
			path = testeTapTests;
			sourceTree = "<group>";
		};
		D9E9C5AB224450420085260A /* testeTapUITests */ = {
			isa = PBXGroup;
			children = (
				D9E9C5AC224450420085260A /* testeTapUITests.swift */,
				D9E9C5AE224450420085260A /* Info.plist */,
			);
			path = testeTapUITests;
			sourceTree = "<group>";
		};
/* End PBXGroup section */

/* Begin PBXNativeTarget section */
		D9E9C588224450400085260A /* testeTap */ = {
			isa = PBXNativeTarget;
			buildConfigurationList = D9E9C5B1224450420085260A /* Build configuration list for PBXNativeTarget "testeTap" */;
			buildPhases = (
				D9E9C585224450400085260A /* Sources */,
				D9E9C586224450400085260A /* Frameworks */,
				D9E9C587224450400085260A /* Resources */,
			);
			buildRules = (
			);
			dependencies = (
			);
			name = testeTap;
			productName = testeTap;
			productReference = D9E9C589224450400085260A /* testeTap.app */;
			productType = "com.apple.product-type.application";
		};
		D9E9C59C224450420085260A /* testeTapTests */ = {
			isa = PBXNativeTarget;
			buildConfigurationList = D9E9C5B4224450420085260A /* Build configuration list for PBXNativeTarget "testeTapTests" */;
			buildPhases = (
				D9E9C599224450420085260A /* Sources */,
				D9E9C59A224450420085260A /* Frameworks */,
				D9E9C59B224450420085260A /* Resources */,
			);
			buildRules = (
			);
			dependencies = (
				D9E9C59F224450420085260A /* PBXTargetDependency */,
			);
			name = testeTapTests;
			productName = testeTapTests;
			productReference = D9E9C59D224450420085260A /* testeTapTests.xctest */;
			productType = "com.apple.product-type.bundle.unit-test";
		};
		D9E9C5A7224450420085260A /* testeTapUITests */ = {
			isa = PBXNativeTarget;
			buildConfigurationList = D9E9C5B7224450420085260A /* Build configuration list for PBXNativeTarget "testeTapUITests" */;
			buildPhases = (
				D9E9C5A4224450420085260A /* Sources */,
				D9E9C5A5224450420085260A /* Frameworks */,
				D9E9C5A6224450420085260A /* Resources */,
			);
			buildRules = (
			);
			dependencies = (
				D9E9C5AA224450420085260A /* PBXTargetDependency */,
			);
			name = testeTapUITests;
			productName = testeTapUITests;
			productReference = D9E9C5A8224450420085260A /* testeTapUITests.xctest */;
			productType = "com.apple.product-type.bundle.ui-testing";
		};
/* End PBXNativeTarget section */

/* Begin PBXProject section */
		D9E9C581224450400085260A /* Project object */ = {
			isa = PBXProject;
			attributes = {
				LastSwiftUpdateCheck = 1010;
				LastUpgradeCheck = 1010;
				ORGANIZATIONNAME = "humberto Lima";
				TargetAttributes = {
					D9E9C588224450400085260A = {
						CreatedOnToolsVersion = 10.1;
					};
					D9E9C59C224450420085260A = {
						CreatedOnToolsVersion = 10.1;
						TestTargetID = D9E9C588224450400085260A;
					};
					D9E9C5A7224450420085260A = {
						CreatedOnToolsVersion = 10.1;
						TestTargetID = D9E9C588224450400085260A;
					};
				};
			};
			buildConfigurationList = D9E9C584224450400085260A /* Build configuration list for PBXProject "testeTap" */;
			compatibilityVersion = "Xcode 9.3";
			developmentRegion = en;
			hasScannedForEncodings = 0;
			knownRegions = (
				en,
				Base,
			);
			mainGroup = D9E9C580224450400085260A;
			productRefGroup = D9E9C58A224450400085260A /* Products */;
			projectDirPath = "";
			projectRoot = "";
			targets = (
				D9E9C588224450400085260A /* testeTap */,
				D9E9C59C224450420085260A /* testeTapTests */,
				D9E9C5A7224450420085260A /* testeTapUITests */,
			);
		};
/* End PBXProject section */

/* Begin PBXResourcesBuildPhase section */
		D9E9C587224450400085260A /* Resources */ = {
			isa = PBXResourcesBuildPhase;
			buildActionMask = 2147483647;
			files = (
				D9E9C597224450420085260A /* LaunchScreen.storyboard in Resources */,
				D9E9C594224450420085260A /* Assets.xcassets in Resources */,
				D9E9C592224450400085260A /* Main.storyboard in Resources */,
			);
			runOnlyForDeploymentPostprocessing = 0;
		};
		D9E9C59B224450420085260A /* Resources */ = {
			isa = PBXResourcesBuildPhase;
			buildActionMask = 2147483647;
			files = (
			);
			runOnlyForDeploymentPostprocessing = 0;
		};
		D9E9C5A6224450420085260A /* Resources */ = {
			isa = PBXResourcesBuildPhase;
			buildActionMask = 2147483647;
			files = (
			);
			runOnlyForDeploymentPostprocessing = 0;
		};
/* End PBXResourcesBuildPhase section */

/* Begin PBXSourcesBuildPhase section */
		D9E9C585224450400085260A /* Sources */ = {
			isa = PBXSourcesBuildPhase;
			buildActionMask = 2147483647;
			files = (
				D9E9C58F224450400085260A /* ViewController.swift in Sources */,
				D9E9C58D224450400085260A /* AppDelegate.swift in Sources */,
			);
			runOnlyForDeploymentPostprocessing = 0;
		};
		D9E9C599224450420085260A /* Sources */ = {
			isa = PBXSourcesBuildPhase;
			buildActionMask = 2147483647;
			files = (
				D9E9C5A2224450420085260A /* testeTapTests.swift in Sources */,
			);
			runOnlyForDeploymentPostprocessing = 0;
		};
		D9E9C5A4224450420085260A /* Sources */ = {
			isa = PBXSourcesBuildPhase;
			buildActionMask = 2147483647;
			files = (
				D9E9C5AD224450420085260A /* testeTapUITests.swift in Sources */,
			);
			runOnlyForDeploymentPostprocessing = 0;
		};
/* End PBXSourcesBuildPhase section */

/* Begin PBXTargetDependency section */
		D9E9C59F224450420085260A /* PBXTargetDependency */ = {
			isa = PBXTargetDependency;
			target = D9E9C588224450400085260A /* testeTap */;
			targetProxy = D9E9C59E224450420085260A /* PBXContainerItemProxy */;
		};
		D9E9C5AA224450420085260A /* PBXTargetDependency */ = {
			isa = PBXTargetDependency;
			target = D9E9C588224450400085260A /* testeTap */;
			targetProxy = D9E9C5A9224450420085260A /* PBXContainerItemProxy */;
		};
/* End PBXTargetDependency section */

/* Begin PBXVariantGroup section */
		D9E9C590224450400085260A /* Main.storyboard */ = {
			isa = PBXVariantGroup;
			children = (
				D9E9C591224450400085260A /* Base */,
			);
			name = Main.storyboard;
			sourceTree = "<group>";
		};
		D9E9C595224450420085260A /* LaunchScreen.storyboard */ = {
			isa = PBXVariantGroup;
			children = (
				D9E9C596224450420085260A /* Base */,
			);
			name = LaunchScreen.storyboard;
			sourceTree = "<group>";
		};
/* End PBXVariantGroup section */

/* Begin XCBuildConfiguration section */
		D9E9C5AF224450420085260A /* Debug */ = {
			isa = XCBuildConfiguration;
			buildSettings = {
				ALWAYS_SEARCH_USER_PATHS = NO;
				CLANG_ANALYZER_NONNULL = YES;
				CLANG_ANALYZER_NUMBER_OBJECT_CONVERSION = YES_AGGRESSIVE;
				CLANG_CXX_LANGUAGE_STANDARD = "gnu++14";
				CLANG_CXX_LIBRARY = "libc++";
				CLANG_ENABLE_MODULES = YES;
				CLANG_ENABLE_OBJC_ARC = YES;
				CLANG_ENABLE_OBJC_WEAK = YES;
				CLANG_WARN_BLOCK_CAPTURE_AUTORELEASING = YES;
				CLANG_WARN_BOOL_CONVERSION = YES;
				CLANG_WARN_COMMA = YES;
				CLANG_WARN_CONSTANT_CONVERSION = YES;
				CLANG_WARN_DEPRECATED_OBJC_IMPLEMENTATIONS = YES;
				CLANG_WARN_DIRECT_OBJC_ISA_USAGE = YES_ERROR;
				CLANG_WARN_DOCUMENTATION_COMMENTS = YES;
				CLANG_WARN_EMPTY_BODY = YES;
				CLANG_WARN_ENUM_CONVERSION = YES;
				CLANG_WARN_INFINITE_RECURSION = YES;
				CLANG_WARN_INT_CONVERSION = YES;
				CLANG_WARN_NON_LITERAL_NULL_CONVERSION = YES;
				CLANG_WARN_OBJC_IMPLICIT_RETAIN_SELF = YES;
				CLANG_WARN_OBJC_LITERAL_CONVERSION = YES;
				CLANG_WARN_OBJC_ROOT_CLASS = YES_ERROR;
				CLANG_WARN_RANGE_LOOP_ANALYSIS = YES;
				CLANG_WARN_STRICT_PROTOTYPES = YES;
				CLANG_WARN_SUSPICIOUS_MOVE = YES;
				CLANG_WARN_UNGUARDED_AVAILABILITY = YES_AGGRESSIVE;
				CLANG_WARN_UNREACHABLE_CODE = YES;
				CLANG_WARN__DUPLICATE_METHOD_MATCH = YES;
				CODE_SIGN_IDENTITY = "iPhone Developer";
				COPY_PHASE_STRIP = NO;
				DEBUG_INFORMATION_FORMAT = dwarf;
				ENABLE_STRICT_OBJC_MSGSEND = YES;
				ENABLE_TESTABILITY = YES;
				GCC_C_LANGUAGE_STANDARD = gnu11;
				GCC_DYNAMIC_NO_PIC = NO;
				GCC_NO_COMMON_BLOCKS = YES;
				GCC_OPTIMIZATION_LEVEL = 0;
				GCC_PREPROCESSOR_DEFINITIONS = (
					"DEBUG=1",
					"$(inherited)",
				);
				GCC_WARN_64_TO_32_BIT_CONVERSION = YES;
				GCC_WARN_ABOUT_RETURN_TYPE = YES_ERROR;
				GCC_WARN_UNDECLARED_SELECTOR = YES;
				GCC_WARN_UNINITIALIZED_AUTOS = YES_AGGRESSIVE;
				GCC_WARN_UNUSED_FUNCTION = YES;
				GCC_WARN_UNUSED_VARIABLE = YES;
				IPHONEOS_DEPLOYMENT_TARGET = 12.1;
				MTL_ENABLE_DEBUG_INFO = INCLUDE_SOURCE;
				MTL_FAST_MATH = YES;
				ONLY_ACTIVE_ARCH = YES;
				SDKROOT = iphoneos;
				SWIFT_ACTIVE_COMPILATION_CONDITIONS = DEBUG;
				SWIFT_OPTIMIZATION_LEVEL = "-Onone";
			};
			name = Debug;
		};
		D9E9C5B0224450420085260A /* Release */ = {
			isa = XCBuildConfiguration;
			buildSettings = {
				ALWAYS_SEARCH_USER_PATHS = NO;
				CLANG_ANALYZER_NONNULL = YES;
				CLANG_ANALYZER_NUMBER_OBJECT_CONVERSION = YES_AGGRESSIVE;
				CLANG_CXX_LANGUAGE_STANDARD = "gnu++14";
				CLANG_CXX_LIBRARY = "libc++";
				CLANG_ENABLE_MODULES = YES;
				CLANG_ENABLE_OBJC_ARC = YES;
				CLANG_ENABLE_OBJC_WEAK = YES;
				CLANG_WARN_BLOCK_CAPTURE_AUTORELEASING = YES;
				CLANG_WARN_BOOL_CONVERSION = YES;
				CLANG_WARN_COMMA = YES;
				CLANG_WARN_CONSTANT_CONVERSION = YES;
				CLANG_WARN_DEPRECATED_OBJC_IMPLEMENTATIONS = YES;
				CLANG_WARN_DIRECT_OBJC_ISA_USAGE = YES_ERROR;
				CLANG_WARN_DOCUMENTATION_COMMENTS = YES;
				CLANG_WARN_EMPTY_BODY = YES;
				CLANG_WARN_ENUM_CONVERSION = YES;
				CLANG_WARN_INFINITE_RECURSION = YES;
				CLANG_WARN_INT_CONVERSION = YES;
				CLANG_WARN_NON_LITERAL_NULL_CONVERSION = YES;
				CLANG_WARN_OBJC_IMPLICIT_RETAIN_SELF = YES;
				CLANG_WARN_OBJC_LITERAL_CONVERSION = YES;
				CLANG_WARN_OBJC_ROOT_CLASS = YES_ERROR;
				CLANG_WARN_RANGE_LOOP_ANALYSIS = YES;
				CLANG_WARN_STRICT_PROTOTYPES = YES;
				CLANG_WARN_SUSPICIOUS_MOVE = YES;
				CLANG_WARN_UNGUARDED_AVAILABILITY = YES_AGGRESSIVE;
				CLANG_WARN_UNREACHABLE_CODE = YES;
				CLANG_WARN__DUPLICATE_METHOD_MATCH = YES;
				CODE_SIGN_IDENTITY = "iPhone Developer";
				COPY_PHASE_STRIP = NO;
				DEBUG_INFORMATION_FORMAT = "dwarf-with-dsym";
				ENABLE_NS_ASSERTIONS = NO;
				ENABLE_STRICT_OBJC_MSGSEND = YES;
				GCC_C_LANGUAGE_STANDARD = gnu11;
				GCC_NO_COMMON_BLOCKS = YES;
				GCC_WARN_64_TO_32_BIT_CONVERSION = YES;
				GCC_WARN_ABOUT_RETURN_TYPE = YES_ERROR;
				GCC_WARN_UNDECLARED_SELECTOR = YES;
				GCC_WARN_UNINITIALIZED_AUTOS = YES_AGGRESSIVE;
				GCC_WARN_UNUSED_FUNCTION = YES;
				GCC_WARN_UNUSED_VARIABLE = YES;
				IPHONEOS_DEPLOYMENT_TARGET = 12.1;
				MTL_ENABLE_DEBUG_INFO = NO;
				MTL_FAST_MATH = YES;
				SDKROOT = iphoneos;
				SWIFT_COMPILATION_MODE = wholemodule;
				SWIFT_OPTIMIZATION_LEVEL = "-O";
				VALIDATE_PRODUCT = YES;
			};
			name = Release;
		};
		D9E9C5B2224450420085260A /* Debug */ = {
			isa = XCBuildConfiguration;
			buildSettings = {
				ASSETCATALOG_COMPILER_APPICON_NAME = AppIcon;
				CODE_SIGN_STYLE = Automatic;
				DEVELOPMENT_TEAM = F422CPL772;
				INFOPLIST_FILE = testeTap/Info.plist;
				LD_RUNPATH_SEARCH_PATHS = (
					"$(inherited)",
					"@executable_path/Frameworks",
				);
				PRODUCT_BUNDLE_IDENTIFIER = com.br.testeTap;
				PRODUCT_NAME = "$(TARGET_NAME)";
				SWIFT_VERSION = 4.2;
				TARGETED_DEVICE_FAMILY = "1,2";
			};
			name = Debug;
		};
		D9E9C5B3224450420085260A /* Release */ = {
			isa = XCBuildConfiguration;
			buildSettings = {
				ASSETCATALOG_COMPILER_APPICON_NAME = AppIcon;
				CODE_SIGN_STYLE = Automatic;
				DEVELOPMENT_TEAM = F422CPL772;
				INFOPLIST_FILE = testeTap/Info.plist;
				LD_RUNPATH_SEARCH_PATHS = (
					"$(inherited)",
					"@executable_path/Frameworks",
				);
				PRODUCT_BUNDLE_IDENTIFIER = com.br.testeTap;
				PRODUCT_NAME = "$(TARGET_NAME)";
				SWIFT_VERSION = 4.2;
				TARGETED_DEVICE_FAMILY = "1,2";
			};
			name = Release;
		};
		D9E9C5B5224450420085260A /* Debug */ = {
			isa = XCBuildConfiguration;
			buildSettings = {
				ALWAYS_EMBED_SWIFT_STANDARD_LIBRARIES = YES;
				BUNDLE_LOADER = "$(TEST_HOST)";
				CODE_SIGN_STYLE = Automatic;
				DEVELOPMENT_TEAM = F422CPL772;
				INFOPLIST_FILE = testeTapTests/Info.plist;
				LD_RUNPATH_SEARCH_PATHS = (
					"$(inherited)",
					"@executable_path/Frameworks",
					"@loader_path/Frameworks",
				);
				PRODUCT_BUNDLE_IDENTIFIER = com.br.testeTapTests;
				PRODUCT_NAME = "$(TARGET_NAME)";
				SWIFT_VERSION = 4.2;
				TARGETED_DEVICE_FAMILY = "1,2";
				TEST_HOST = "$(BUILT_PRODUCTS_DIR)/testeTap.app/testeTap";
			};
			name = Debug;
		};
		D9E9C5B6224450420085260A /* Release */ = {
			isa = XCBuildConfiguration;
			buildSettings = {
				ALWAYS_EMBED_SWIFT_STANDARD_LIBRARIES = YES;
				BUNDLE_LOADER = "$(TEST_HOST)";
				CODE_SIGN_STYLE = Automatic;
				DEVELOPMENT_TEAM = F422CPL772;
				INFOPLIST_FILE = testeTapTests/Info.plist;
				LD_RUNPATH_SEARCH_PATHS = (
					"$(inherited)",
					"@executable_path/Frameworks",
					"@loader_path/Frameworks",
				);
				PRODUCT_BUNDLE_IDENTIFIER = com.br.testeTapTests;
				PRODUCT_NAME = "$(TARGET_NAME)";
				SWIFT_VERSION = 4.2;
				TARGETED_DEVICE_FAMILY = "1,2";
				TEST_HOST = "$(BUILT_PRODUCTS_DIR)/testeTap.app/testeTap";
			};
			name = Release;
		};
		D9E9C5B8224450420085260A /* Debug */ = {
			isa = XCBuildConfiguration;
			buildSettings = {
				ALWAYS_EMBED_SWIFT_STANDARD_LIBRARIES = YES;
				CODE_SIGN_STYLE = Automatic;
				DEVELOPMENT_TEAM = F422CPL772;
				INFOPLIST_FILE = testeTapUITests/Info.plist;
				LD_RUNPATH_SEARCH_PATHS = (
					"$(inherited)",
					"@executable_path/Frameworks",
					"@loader_path/Frameworks",
				);
				PRODUCT_BUNDLE_IDENTIFIER = com.br.testeTapUITests;
				PRODUCT_NAME = "$(TARGET_NAME)";
				SWIFT_VERSION = 4.2;
				TARGETED_DEVICE_FAMILY = "1,2";
				TEST_TARGET_NAME = testeTap;
			};
			name = Debug;
		};
		D9E9C5B9224450420085260A /* Release */ = {
			isa = XCBuildConfiguration;
			buildSettings = {
				ALWAYS_EMBED_SWIFT_STANDARD_LIBRARIES = YES;
				CODE_SIGN_STYLE = Automatic;
				DEVELOPMENT_TEAM = F422CPL772;
				INFOPLIST_FILE = testeTapUITests/Info.plist;
				LD_RUNPATH_SEARCH_PATHS = (
					"$(inherited)",
					"@executable_path/Frameworks",
					"@loader_path/Frameworks",
				);
				PRODUCT_BUNDLE_IDENTIFIER = com.br.testeTapUITests;
				PRODUCT_NAME = "$(TARGET_NAME)";
				SWIFT_VERSION = 4.2;
				TARGETED_DEVICE_FAMILY = "1,2";
				TEST_TARGET_NAME = testeTap;
			};
			name = Release;
		};
/* End XCBuildConfiguration section */

/* Begin XCConfigurationList section */
		D9E9C584224450400085260A /* Build configuration list for PBXProject "testeTap" */ = {
			isa = XCConfigurationList;
			buildConfigurations = (
				D9E9C5AF224450420085260A /* Debug */,
				D9E9C5B0224450420085260A /* Release */,
			);
			defaultConfigurationIsVisible = 0;
			defaultConfigurationName = Release;
		};
		D9E9C5B1224450420085260A /* Build configuration list for PBXNativeTarget "testeTap" */ = {
			isa = XCConfigurationList;
			buildConfigurations = (
				D9E9C5B2224450420085260A /* Debug */,
				D9E9C5B3224450420085260A /* Release */,
			);
			defaultConfigurationIsVisible = 0;
			defaultConfigurationName = Release;
		};
		D9E9C5B4224450420085260A /* Build configuration list for PBXNativeTarget "testeTapTests" */ = {
			isa = XCConfigurationList;
			buildConfigurations = (
				D9E9C5B5224450420085260A /* Debug */,
				D9E9C5B6224450420085260A /* Release */,
			);
			defaultConfigurationIsVisible = 0;
			defaultConfigurationName = Release;
		};
		D9E9C5B7224450420085260A /* Build configuration list for PBXNativeTarget "testeTapUITests" */ = {
			isa = XCConfigurationList;
			buildConfigurations = (
				D9E9C5B8224450420085260A /* Debug */,
				D9E9C5B9224450420085260A /* Release */,
			);
			defaultConfigurationIsVisible = 0;
			defaultConfigurationName = Release;
		};
/* End XCConfigurationList section */
	};
	rootObject = D9E9C581224450400085260A /* Project object */;
}
